
Microsoft Visual Studio Solution File, Format Version 12.00
# Visual Studio Version 16
VisualStudioVersion = 16.0.31229.75
MinimumVisualStudioVersion = 10.0.40219.1
Project("{FAE04EC0-301F-11D3-BF4B-00C04F79EFBC}") = "DemoWebApp", "DemoWebApp.csproj", "{78C9364C-2520-4A97-8BD5-4864C2A7D327}"
EndProject
Global
	GlobalSection(SolutionConfigurationPlatforms) = preSolution
		Debug|Any CPU = Debug|Any CPU
		Release|Any CPU = Release|Any CPU
	EndGlobalSection
	GlobalSection(ProjectConfigurationPlatforms) = postSolution
		{78C9364C-2520-4A97-8BD5-4864C2A7D327}.Debug|Any CPU.ActiveCfg = Debug|Any CPU
		{78C9364C-2520-4A97-8BD5-4864C2A7D327}.Debug|Any CPU.Build.0 = Debug|Any CPU
		{78C9364C-2520-4A97-8BD5-4864C2A7D327}.Release|Any CPU.ActiveCfg = Release|Any CPU
		{78C9364C-2520-4A97-8BD5-4864C2A7D327}.Release|Any CPU.Build.0 = Release|Any CPU
	EndGlobalSection
	GlobalSection(SolutionProperties) = preSolution
		HideSolutionNode = FALSE
	EndGlobalSection
	GlobalSection(ExtensibilityGlobals) = postSolution
		SolutionGuid = {356D4824-EFEF-4794-BF29-C05401F5BBEA}
	EndGlobalSection
EndGlobal
